// !$*UTF8*$!
{
	archiveVersion = 1;
	classes = {
	};
	objectVersion = 50;
	objects = {

/* Begin PBXBuildFile section */
		9D11E937216040890059A054 /* AppDelegate.swift in Sources */ = {isa = PBXBuildFile; fileRef = 9D11E936216040890059A054 /* AppDelegate.swift */; };
		9D11E939216040890059A054 /* ViewController.swift in Sources */ = {isa = PBXBuildFile; fileRef = 9D11E938216040890059A054 /* ViewController.swift */; };
		9D11E93C216040890059A054 /* Main.storyboard in Resources */ = {isa = PBXBuildFile; fileRef = 9D11E93A216040890059A054 /* Main.storyboard */; };
		9D11E93E2160408A0059A054 /* Assets.xcassets in Resources */ = {isa = PBXBuildFile; fileRef = 9D11E93D2160408A0059A054 /* Assets.xcassets */; };
		9D11E9412160408A0059A054 /* LaunchScreen.storyboard in Resources */ = {isa = PBXBuildFile; fileRef = 9D11E93F2160408A0059A054 /* LaunchScreen.storyboard */; };
		9D11E94C2160408A0059A054 /* Hello_iOSTests.swift in Sources */ = {isa = PBXBuildFile; fileRef = 9D11E94B2160408A0059A054 /* Hello_iOSTests.swift */; };
		9D11E9572160408A0059A054 /* Hello_iOSUITests.swift in Sources */ = {isa = PBXBuildFile; fileRef = 9D11E9562160408A0059A054 /* Hello_iOSUITests.swift */; };
/* End PBXBuildFile section */

/* Begin PBXContainerItemProxy section */
		9D11E9482160408A0059A054 /* PBXContainerItemProxy */ = {
			isa = PBXContainerItemProxy;
			containerPortal = 9D11E92B216040890059A054 /* Project object */;
			proxyType = 1;
			remoteGlobalIDString = 9D11E932216040890059A054;
			remoteInfo = "Hello iOS";
		};
		9D11E9532160408A0059A054 /* PBXContainerItemProxy */ = {
			isa = PBXContainerItemProxy;
			containerPortal = 9D11E92B216040890059A054 /* Project object */;
			proxyType = 1;
			remoteGlobalIDString = 9D11E932216040890059A054;
			remoteInfo = "Hello iOS";
		};
/* End PBXContainerItemProxy section */

/* Begin PBXFileReference section */
		9D11E933216040890059A054 /* Hello iOS.app */ = {isa = PBXFileReference; explicitFileType = wrapper.application; includeInIndex = 0; path = "Hello iOS.app"; sourceTree = BUILT_PRODUCTS_DIR; };
		9D11E936216040890059A054 /* AppDelegate.swift */ = {isa = PBXFileReference; lastKnownFileType = sourcecode.swift; path = AppDelegate.swift; sourceTree = "<group>"; };
		9D11E938216040890059A054 /* ViewController.swift */ = {isa = PBXFileReference; lastKnownFileType = sourcecode.swift; path = ViewController.swift; sourceTree = "<group>"; };
		9D11E93B216040890059A054 /* Base */ = {isa = PBXFileReference; lastKnownFileType = file.storyboard; name = Base; path = Base.lproj/Main.storyboard; sourceTree = "<group>"; };
		9D11E93D2160408A0059A054 /* Assets.xcassets */ = {isa = PBXFileReference; lastKnownFileType = folder.assetcatalog; path = Assets.xcassets; sourceTree = "<group>"; };
		9D11E9402160408A0059A054 /* Base */ = {isa = PBXFileReference; lastKnownFileType = file.storyboard; name = Base; path = Base.lproj/LaunchScreen.storyboard; sourceTree = "<group>"; };
		9D11E9422160408A0059A054 /* Info.plist */ = {isa = PBXFileReference; lastKnownFileType = text.plist.xml; path = Info.plist; sourceTree = "<group>"; };
		9D11E9472160408A0059A054 /* Hello iOSTests.xctest */ = {isa = PBXFileReference; explicitFileType = wrapper.cfbundle; includeInIndex = 0; path = "Hello iOSTests.xctest"; sourceTree = BUILT_PRODUCTS_DIR; };
		9D11E94B2160408A0059A054 /* Hello_iOSTests.swift */ = {isa = PBXFileReference; lastKnownFileType = sourcecode.swift; path = Hello_iOSTests.swift; sourceTree = "<group>"; };
		9D11E94D2160408A0059A054 /* Info.plist */ = {isa = PBXFileReference; lastKnownFileType = text.plist.xml; path = Info.plist; sourceTree = "<group>"; };
		9D11E9522160408A0059A054 /* Hello iOSUITests.xctest */ = {isa = PBXFileReference; explicitFileType = wrapper.cfbundle; includeInIndex = 0; path = "Hello iOSUITests.xctest"; sourceTree = BUILT_PRODUCTS_DIR; };
		9D11E9562160408A0059A054 /* Hello_iOSUITests.swift */ = {isa = PBXFileReference; lastKnownFileType = sourcecode.swift; path = Hello_iOSUITests.swift; sourceTree = "<group>"; };
		9D11E9582160408A0059A054 /* Info.plist */ = {isa = PBXFileReference; lastKnownFileType = text.plist.xml; path = Info.plist; sourceTree = "<group>"; };
/* End PBXFileReference section */

/* Begin PBXFrameworksBuildPhase section */
		9D11E930216040890059A054 /* Frameworks */ = {
			isa = PBXFrameworksBuildPhase;
			buildActionMask = 2147483647;
			files = (
			);
			runOnlyForDeploymentPostprocessing = 0;
		};
		9D11E9442160408A0059A054 /* Frameworks */ = {
			isa = PBXFrameworksBuildPhase;
			buildActionMask = 2147483647;
			files = (
			);
			runOnlyForDeploymentPostprocessing = 0;
		};
		9D11E94F2160408A0059A054 /* Frameworks */ = {
			isa = PBXFrameworksBuildPhase;
			buildActionMask = 2147483647;
			files = (
			);
			runOnlyForDeploymentPostprocessing = 0;
		};
/* End PBXFrameworksBuildPhase section */

/* Begin PBXGroup section */
		9D11E92A216040890059A054 = {
			isa = PBXGroup;
			children = (
				9D11E935216040890059A054 /* Hello iOS */,
				9D11E94A2160408A0059A054 /* Hello iOSTests */,
				9D11E9552160408A0059A054 /* Hello iOSUITests */,
				9D11E934216040890059A054 /* Products */,
			);
			sourceTree = "<group>";
		};
		9D11E934216040890059A054 /* Products */ = {
			isa = PBXGroup;
			children = (
				9D11E933216040890059A054 /* Hello iOS.app */,
				9D11E9472160408A0059A054 /* Hello iOSTests.xctest */,
				9D11E9522160408A0059A054 /* Hello iOSUITests.xctest */,
			);
			name = Products;
			sourceTree = "<group>";
		};
		9D11E935216040890059A054 /* Hello iOS */ = {
			isa = PBXGroup;
			children = (
				9D11E936216040890059A054 /* AppDelegate.swift */,
				9D11E938216040890059A054 /* ViewController.swift */,
				9D11E93A216040890059A054 /* Main.storyboard */,
				9D11E93D2160408A0059A054 /* Assets.xcassets */,
				9D11E93F2160408A0059A054 /* LaunchScreen.storyboard */,
				9D11E9422160408A0059A054 /* Info.plist */,
			);
			path = "Hello iOS";
			sourceTree = "<group>";
		};
		9D11E94A2160408A0059A054 /* Hello iOSTests */ = {
			isa = PBXGroup;
			children = (
				9D11E94B2160408A0059A054 /* Hello_iOSTests.swift */,
				9D11E94D2160408A0059A054 /* Info.plist */,
			);
			path = "Hello iOSTests";
			sourceTree = "<group>";
		};
		9D11E9552160408A0059A054 /* Hello iOSUITests */ = {
			isa = PBXGroup;
			children = (
				9D11E9562160408A0059A054 /* Hello_iOSUITests.swift */,
				9D11E9582160408A0059A054 /* Info.plist */,
			);
			path = "Hello iOSUITests";
			sourceTree = "<group>";
		};
/* End PBXGroup section */

/* Begin PBXNativeTarget section */
		9D11E932216040890059A054 /* Hello iOS */ = {
			isa = PBXNativeTarget;
			buildConfigurationList = 9D11E95B2160408A0059A054 /* Build configuration list for PBXNativeTarget "Hello iOS" */;
			buildPhases = (
				9D11E92F216040890059A054 /* Sources */,
				9D11E930216040890059A054 /* Frameworks */,
				9D11E931216040890059A054 /* Resources */,
			);
			buildRules = (
			);
			dependencies = (
			);
			name = "Hello iOS";
			productName = "Hello iOS";
			productReference = 9D11E933216040890059A054 /* Hello iOS.app */;
			productType = "com.apple.product-type.application";
		};
		9D11E9462160408A0059A054 /* Hello iOSTests */ = {
			isa = PBXNativeTarget;
			buildConfigurationList = 9D11E95E2160408A0059A054 /* Build configuration list for PBXNativeTarget "Hello iOSTests" */;
			buildPhases = (
				9D11E9432160408A0059A054 /* Sources */,
				9D11E9442160408A0059A054 /* Frameworks */,
				9D11E9452160408A0059A054 /* Resources */,
			);
			buildRules = (
			);
			dependencies = (
				9D11E9492160408A0059A054 /* PBXTargetDependency */,
			);
			name = "Hello iOSTests";
			productName = "Hello iOSTests";
			productReference = 9D11E9472160408A0059A054 /* Hello iOSTests.xctest */;
			productType = "com.apple.product-type.bundle.unit-test";
		};
		9D11E9512160408A0059A054 /* Hello iOSUITests */ = {
			isa = PBXNativeTarget;
			buildConfigurationList = 9D11E9612160408A0059A054 /* Build configuration list for PBXNativeTarget "Hello iOSUITests" */;
			buildPhases = (
				9D11E94E2160408A0059A054 /* Sources */,
				9D11E94F2160408A0059A054 /* Frameworks */,
				9D11E9502160408A0059A054 /* Resources */,
			);
			buildRules = (
			);
			dependencies = (
				9D11E9542160408A0059A054 /* PBXTargetDependency */,
			);
			name = "Hello iOSUITests";
			productName = "Hello iOSUITests";
			productReference = 9D11E9522160408A0059A054 /* Hello iOSUITests.xctest */;
			productType = "com.apple.product-type.bundle.ui-testing";
		};
/* End PBXNativeTarget section */

/* Begin PBXProject section */
		9D11E92B216040890059A054 /* Project object */ = {
			isa = PBXProject;
			attributes = {
				LastSwiftUpdateCheck = 1000;
				LastUpgradeCheck = 1000;
				ORGANIZATIONNAME = amjadz;
				TargetAttributes = {
					9D11E932216040890059A054 = {
						CreatedOnToolsVersion = 10.0;
					};
					9D11E9462160408A0059A054 = {
						CreatedOnToolsVersion = 10.0;
						TestTargetID = 9D11E932216040890059A054;
					};
					9D11E9512160408A0059A054 = {
						CreatedOnToolsVersion = 10.0;
						TestTargetID = 9D11E932216040890059A054;
					};
				};
			};
			buildConfigurationList = 9D11E92E216040890059A054 /* Build configuration list for PBXProject "Hello iOS" */;
			compatibilityVersion = "Xcode 9.3";
			developmentRegion = en;
			hasScannedForEncodings = 0;
			knownRegions = (
				en,
				Base,
			);
			mainGroup = 9D11E92A216040890059A054;
			productRefGroup = 9D11E934216040890059A054 /* Products */;
			projectDirPath = "";
			projectRoot = "";
			targets = (
				9D11E932216040890059A054 /* Hello iOS */,
				9D11E9462160408A0059A054 /* Hello iOSTests */,
				9D11E9512160408A0059A054 /* Hello iOSUITests */,
			);
		};
/* End PBXProject section */

/* Begin PBXResourcesBuildPhase section */
		9D11E931216040890059A054 /* Resources */ = {
			isa = PBXResourcesBuildPhase;
			buildActionMask = 2147483647;
			files = (
				9D11E9412160408A0059A054 /* LaunchScreen.storyboard in Resources */,
				9D11E93E2160408A0059A054 /* Assets.xcassets in Resources */,
				9D11E93C216040890059A054 /* Main.storyboard in Resources */,
			);
			runOnlyForDeploymentPostprocessing = 0;
		};
		9D11E9452160408A0059A054 /* Resources */ = {
			isa = PBXResourcesBuildPhase;
			buildActionMask = 2147483647;
			files = (
			);
			runOnlyForDeploymentPostprocessing = 0;
		};
		9D11E9502160408A0059A054 /* Resources */ = {
			isa = PBXResourcesBuildPhase;
			buildActionMask = 2147483647;
			files = (
			);
			runOnlyForDeploymentPostprocessing = 0;
		};
/* End PBXResourcesBuildPhase section */

/* Begin PBXSourcesBuildPhase section */
		9D11E92F216040890059A054 /* Sources */ = {
			isa = PBXSourcesBuildPhase;
			buildActionMask = 2147483647;
			files = (
				9D11E939216040890059A054 /* ViewController.swift in Sources */,
				9D11E937216040890059A054 /* AppDelegate.swift in Sources */,
			);
			runOnlyForDeploymentPostprocessing = 0;
		};
		9D11E9432160408A0059A054 /* Sources */ = {
			isa = PBXSourcesBuildPhase;
			buildActionMask = 2147483647;
			files = (
				9D11E94C2160408A0059A054 /* Hello_iOSTests.swift in Sources */,
			);
			runOnlyForDeploymentPostprocessing = 0;
		};
		9D11E94E2160408A0059A054 /* Sources */ = {
			isa = PBXSourcesBuildPhase;
			buildActionMask = 2147483647;
			files = (
				9D11E9572160408A0059A054 /* Hello_iOSUITests.swift in Sources */,
			);
			runOnlyForDeploymentPostprocessing = 0;
		};
/* End PBXSourcesBuildPhase section */

/* Begin PBXTargetDependency section */
		9D11E9492160408A0059A054 /* PBXTargetDependency */ = {
			isa = PBXTargetDependency;
			target = 9D11E932216040890059A054 /* Hello iOS */;
			targetProxy = 9D11E9482160408A0059A054 /* PBXContainerItemProxy */;
		};
		9D11E9542160408A0059A054 /* PBXTargetDependency */ = {
			isa = PBXTargetDependency;
			target = 9D11E932216040890059A054 /* Hello iOS */;
			targetProxy = 9D11E9532160408A0059A054 /* PBXContainerItemProxy */;
		};
/* End PBXTargetDependency section */

/* Begin PBXVariantGroup section */
		9D11E93A216040890059A054 /* Main.storyboard */ = {
			isa = PBXVariantGroup;
			children = (
				9D11E93B216040890059A054 /* Base */,
			);
			name = Main.storyboard;
			sourceTree = "<group>";
		};
		9D11E93F2160408A0059A054 /* LaunchScreen.storyboard */ = {
			isa = PBXVariantGroup;
			children = (
				9D11E9402160408A0059A054 /* Base */,
			);
			name = LaunchScreen.storyboard;
			sourceTree = "<group>";
		};
/* End PBXVariantGroup section */

/* Begin XCBuildConfiguration section */
		9D11E9592160408A0059A054 /* Debug */ = {
			isa = XCBuildConfiguration;
			buildSettings = {
				ALWAYS_SEARCH_USER_PATHS = NO;
				CLANG_ANALYZER_NONNULL = YES;
				CLANG_ANALYZER_NUMBER_OBJECT_CONVERSION = YES_AGGRESSIVE;
				CLANG_CXX_LANGUAGE_STANDARD = "gnu++14";
				CLANG_CXX_LIBRARY = "libc++";
				CLANG_ENABLE_MODULES = YES;
				CLANG_ENABLE_OBJC_ARC = YES;
				CLANG_ENABLE_OBJC_WEAK = YES;
				CLANG_WARN_BLOCK_CAPTURE_AUTORELEASING = YES;
				CLANG_WARN_BOOL_CONVERSION = YES;
				CLANG_WARN_COMMA = YES;
				CLANG_WARN_CONSTANT_CONVERSION = YES;
				CLANG_WARN_DEPRECATED_OBJC_IMPLEMENTATIONS = YES;
				CLANG_WARN_DIRECT_OBJC_ISA_USAGE = YES_ERROR;
				CLANG_WARN_DOCUMENTATION_COMMENTS = YES;
				CLANG_WARN_EMPTY_BODY = YES;
				CLANG_WARN_ENUM_CONVERSION = YES;
				CLANG_WARN_INFINITE_RECURSION = YES;
				CLANG_WARN_INT_CONVERSION = YES;
				CLANG_WARN_NON_LITERAL_NULL_CONVERSION = YES;
				CLANG_WARN_OBJC_IMPLICIT_RETAIN_SELF = YES;
				CLANG_WARN_OBJC_LITERAL_CONVERSION = YES;
				CLANG_WARN_OBJC_ROOT_CLASS = YES_ERROR;
				CLANG_WARN_RANGE_LOOP_ANALYSIS = YES;
				CLANG_WARN_STRICT_PROTOTYPES = YES;
				CLANG_WARN_SUSPICIOUS_MOVE = YES;
				CLANG_WARN_UNGUARDED_AVAILABILITY = YES_AGGRESSIVE;
				CLANG_WARN_UNREACHABLE_CODE = YES;
				CLANG_WARN__DUPLICATE_METHOD_MATCH = YES;
				CODE_SIGN_IDENTITY = "iPhone Developer";
				COPY_PHASE_STRIP = NO;
				DEBUG_INFORMATION_FORMAT = dwarf;
				ENABLE_STRICT_OBJC_MSGSEND = YES;
				ENABLE_TESTABILITY = YES;
				GCC_C_LANGUAGE_STANDARD = gnu11;
				GCC_DYNAMIC_NO_PIC = NO;
				GCC_NO_COMMON_BLOCKS = YES;
				GCC_OPTIMIZATION_LEVEL = 0;
				GCC_PREPROCESSOR_DEFINITIONS = (
					"DEBUG=1",
					"$(inherited)",
				);
				GCC_WARN_64_TO_32_BIT_CONVERSION = YES;
				GCC_WARN_ABOUT_RETURN_TYPE = YES_ERROR;
				GCC_WARN_UNDECLARED_SELECTOR = YES;
				GCC_WARN_UNINITIALIZED_AUTOS = YES_AGGRESSIVE;
				GCC_WARN_UNUSED_FUNCTION = YES;
				GCC_WARN_UNUSED_VARIABLE = YES;
				IPHONEOS_DEPLOYMENT_TARGET = 12.0;
				MTL_ENABLE_DEBUG_INFO = INCLUDE_SOURCE;
				MTL_FAST_MATH = YES;
				ONLY_ACTIVE_ARCH = YES;
				SDKROOT = iphoneos;
				SWIFT_ACTIVE_COMPILATION_CONDITIONS = DEBUG;
				SWIFT_OPTIMIZATION_LEVEL = "-Onone";
			};
			name = Debug;
		};
		9D11E95A2160408A0059A054 /* Release */ = {
			isa = XCBuildConfiguration;
			buildSettings = {
				ALWAYS_SEARCH_USER_PATHS = NO;
				CLANG_ANALYZER_NONNULL = YES;
				CLANG_ANALYZER_NUMBER_OBJECT_CONVERSION = YES_AGGRESSIVE;
				CLANG_CXX_LANGUAGE_STANDARD = "gnu++14";
				CLANG_CXX_LIBRARY = "libc++";
				CLANG_ENABLE_MODULES = YES;
				CLANG_ENABLE_OBJC_ARC = YES;
				CLANG_ENABLE_OBJC_WEAK = YES;
				CLANG_WARN_BLOCK_CAPTURE_AUTORELEASING = YES;
				CLANG_WARN_BOOL_CONVERSION = YES;
				CLANG_WARN_COMMA = YES;
				CLANG_WARN_CONSTANT_CONVERSION = YES;
				CLANG_WARN_DEPRECATED_OBJC_IMPLEMENTATIONS = YES;
				CLANG_WARN_DIRECT_OBJC_ISA_USAGE = YES_ERROR;
				CLANG_WARN_DOCUMENTATION_COMMENTS = YES;
				CLANG_WARN_EMPTY_BODY = YES;
				CLANG_WARN_ENUM_CONVERSION = YES;
				CLANG_WARN_INFINITE_RECURSION = YES;
				CLANG_WARN_INT_CONVERSION = YES;
				CLANG_WARN_NON_LITERAL_NULL_CONVERSION = YES;
				CLANG_WARN_OBJC_IMPLICIT_RETAIN_SELF = YES;
				CLANG_WARN_OBJC_LITERAL_CONVERSION = YES;
				CLANG_WARN_OBJC_ROOT_CLASS = YES_ERROR;
				CLANG_WARN_RANGE_LOOP_ANALYSIS = YES;
				CLANG_WARN_STRICT_PROTOTYPES = YES;
				CLANG_WARN_SUSPICIOUS_MOVE = YES;
				CLANG_WARN_UNGUARDED_AVAILABILITY = YES_AGGRESSIVE;
				CLANG_WARN_UNREACHABLE_CODE = YES;
				CLANG_WARN__DUPLICATE_METHOD_MATCH = YES;
				CODE_SIGN_IDENTITY = "iPhone Developer";
				COPY_PHASE_STRIP = NO;
				DEBUG_INFORMATION_FORMAT = "dwarf-with-dsym";
				ENABLE_NS_ASSERTIONS = NO;
				ENABLE_STRICT_OBJC_MSGSEND = YES;
				GCC_C_LANGUAGE_STANDARD = gnu11;
				GCC_NO_COMMON_BLOCKS = YES;
				GCC_WARN_64_TO_32_BIT_CONVERSION = YES;
				GCC_WARN_ABOUT_RETURN_TYPE = YES_ERROR;
				GCC_WARN_UNDECLARED_SELECTOR = YES;
				GCC_WARN_UNINITIALIZED_AUTOS = YES_AGGRESSIVE;
				GCC_WARN_UNUSED_FUNCTION = YES;
				GCC_WARN_UNUSED_VARIABLE = YES;
				IPHONEOS_DEPLOYMENT_TARGET = 12.0;
				MTL_ENABLE_DEBUG_INFO = NO;
				MTL_FAST_MATH = YES;
				SDKROOT = iphoneos;
				SWIFT_COMPILATION_MODE = wholemodule;
				SWIFT_OPTIMIZATION_LEVEL = "-O";
				VALIDATE_PRODUCT = YES;
			};
			name = Release;
		};
		9D11E95C2160408A0059A054 /* Debug */ = {
			isa = XCBuildConfiguration;
			buildSettings = {
				ASSETCATALOG_COMPILER_APPICON_NAME = AppIcon;
				CODE_SIGN_STYLE = Automatic;
				DEVELOPMENT_TEAM = 9V3FMTYQCY;
				INFOPLIST_FILE = "Hello iOS/Info.plist";
				IPHONEOS_DEPLOYMENT_TARGET = 11.0;
				LD_RUNPATH_SEARCH_PATHS = (
					"$(inherited)",
					"@executable_path/Frameworks",
				);
				PRODUCT_BUNDLE_IDENTIFIER = "edu.uw.amjadz.Hello-iOS";
				PRODUCT_NAME = "$(TARGET_NAME)";
				SWIFT_VERSION = 4.2;
				TARGETED_DEVICE_FAMILY = "1,2";
			};
			name = Debug;
		};
		9D11E95D2160408A0059A054 /* Release */ = {
			isa = XCBuildConfiguration;
			buildSettings = {
				ASSETCATALOG_COMPILER_APPICON_NAME = AppIcon;
				CODE_SIGN_STYLE = Automatic;
				DEVELOPMENT_TEAM = 9V3FMTYQCY;
				INFOPLIST_FILE = "Hello iOS/Info.plist";
				IPHONEOS_DEPLOYMENT_TARGET = 11.0;
				LD_RUNPATH_SEARCH_PATHS = (
					"$(inherited)",
					"@executable_path/Frameworks",
				);
				PRODUCT_BUNDLE_IDENTIFIER = "edu.uw.amjadz.Hello-iOS";
				PRODUCT_NAME = "$(TARGET_NAME)";
				SWIFT_VERSION = 4.2;
				TARGETED_DEVICE_FAMILY = "1,2";
			};
			name = Release;
		};
		9D11E95F2160408A0059A054 /* Debug */ = {
			isa = XCBuildConfiguration;
			buildSettings = {
				ALWAYS_EMBED_SWIFT_STANDARD_LIBRARIES = YES;
				BUNDLE_LOADER = "$(TEST_HOST)";
				CODE_SIGN_STYLE = Automatic;
				INFOPLIST_FILE = "Hello iOSTests/Info.plist";
				LD_RUNPATH_SEARCH_PATHS = (
					"$(inherited)",
					"@executable_path/Frameworks",
					"@loader_path/Frameworks",
				);
				PRODUCT_BUNDLE_IDENTIFIER = "edu.uw.amjadz.Hello-iOSTests";
				PRODUCT_NAME = "$(TARGET_NAME)";
				SWIFT_VERSION = 4.2;
				TARGETED_DEVICE_FAMILY = "1,2";
				TEST_HOST = "$(BUILT_PRODUCTS_DIR)/Hello iOS.app/Hello iOS";
			};
			name = Debug;
		};
		9D11E9602160408A0059A054 /* Release */ = {
			isa = XCBuildConfiguration;
			buildSettings = {
				ALWAYS_EMBED_SWIFT_STANDARD_LIBRARIES = YES;
				BUNDLE_LOADER = "$(TEST_HOST)";
				CODE_SIGN_STYLE = Automatic;
				INFOPLIST_FILE = "Hello iOSTests/Info.plist";
				LD_RUNPATH_SEARCH_PATHS = (
					"$(inherited)",
					"@executable_path/Frameworks",
					"@loader_path/Frameworks",
				);
				PRODUCT_BUNDLE_IDENTIFIER = "edu.uw.amjadz.Hello-iOSTests";
				PRODUCT_NAME = "$(TARGET_NAME)";
				SWIFT_VERSION = 4.2;
				TARGETED_DEVICE_FAMILY = "1,2";
				TEST_HOST = "$(BUILT_PRODUCTS_DIR)/Hello iOS.app/Hello iOS";
			};
			name = Release;
		};
		9D11E9622160408A0059A054 /* Debug */ = {
			isa = XCBuildConfiguration;
			buildSettings = {
				ALWAYS_EMBED_SWIFT_STANDARD_LIBRARIES = YES;
				CODE_SIGN_STYLE = Automatic;
				INFOPLIST_FILE = "Hello iOSUITests/Info.plist";
				LD_RUNPATH_SEARCH_PATHS = (
					"$(inherited)",
					"@executable_path/Frameworks",
					"@loader_path/Frameworks",
				);
				PRODUCT_BUNDLE_IDENTIFIER = "edu.uw.amjadz.Hello-iOSUITests";
				PRODUCT_NAME = "$(TARGET_NAME)";
				SWIFT_VERSION = 4.2;
				TARGETED_DEVICE_FAMILY = "1,2";
				TEST_TARGET_NAME = "Hello iOS";
			};
			name = Debug;
		};
		9D11E9632160408A0059A054 /* Release */ = {
			isa = XCBuildConfiguration;
			buildSettings = {
				ALWAYS_EMBED_SWIFT_STANDARD_LIBRARIES = YES;
				CODE_SIGN_STYLE = Automatic;
				INFOPLIST_FILE = "Hello iOSUITests/Info.plist";
				LD_RUNPATH_SEARCH_PATHS = (
					"$(inherited)",
					"@executable_path/Frameworks",
					"@loader_path/Frameworks",
				);
				PRODUCT_BUNDLE_IDENTIFIER = "edu.uw.amjadz.Hello-iOSUITests";
				PRODUCT_NAME = "$(TARGET_NAME)";
				SWIFT_VERSION = 4.2;
				TARGETED_DEVICE_FAMILY = "1,2";
				TEST_TARGET_NAME = "Hello iOS";
			};
			name = Release;
		};
/* End XCBuildConfiguration section */

/* Begin XCConfigurationList section */
		9D11E92E216040890059A054 /* Build configuration list for PBXProject "Hello iOS" */ = {
			isa = XCConfigurationList;
			buildConfigurations = (
				9D11E9592160408A0059A054 /* Debug */,
				9D11E95A2160408A0059A054 /* Release */,
			);
			defaultConfigurationIsVisible = 0;
			defaultConfigurationName = Release;
		};
		9D11E95B2160408A0059A054 /* Build configuration list for PBXNativeTarget "Hello iOS" */ = {
			isa = XCConfigurationList;
			buildConfigurations = (
				9D11E95C2160408A0059A054 /* Debug */,
				9D11E95D2160408A0059A054 /* Release */,
			);
			defaultConfigurationIsVisible = 0;
			defaultConfigurationName = Release;
		};
		9D11E95E2160408A0059A054 /* Build configuration list for PBXNativeTarget "Hello iOSTests" */ = {
			isa = XCConfigurationList;
			buildConfigurations = (
				9D11E95F2160408A0059A054 /* Debug */,
				9D11E9602160408A0059A054 /* Release */,
			);
			defaultConfigurationIsVisible = 0;
			defaultConfigurationName = Release;
		};
		9D11E9612160408A0059A054 /* Build configuration list for PBXNativeTarget "Hello iOSUITests" */ = {
			isa = XCConfigurationList;
			buildConfigurations = (
				9D11E9622160408A0059A054 /* Debug */,
				9D11E9632160408A0059A054 /* Release */,
			);
			defaultConfigurationIsVisible = 0;
			defaultConfigurationName = Release;
		};
/* End XCConfigurationList section */
	};
	rootObject = 9D11E92B216040890059A054 /* Project object */;
}
